
Microsoft Visual Studio Solution File, Format Version 12.00
# Visual Studio Version 17
VisualStudioVersion = 17.4.33213.308
MinimumVisualStudioVersion = 10.0.40219.1
Project("{FAE04EC0-301F-11D3-BF4B-00C04F79EFBC}") = "1", "1\1.csproj", "{88E40AEB-36AD-4623-9EC8-9571B0DD2249}"
EndProject
Project("{FAE04EC0-301F-11D3-BF4B-00C04F79EFBC}") = "2", "2\2.csproj", "{D753948A-197C-421C-A19C-C9E8A3971D81}"
EndProject
Project("{FAE04EC0-301F-11D3-BF4B-00C04F79EFBC}") = "4", "3\4.csproj", "{5CF75307-488A-491D-9FCE-5699734B37CF}"
EndProject
Project("{FAE04EC0-301F-11D3-BF4B-00C04F79EFBC}") = "3-cu", "3-cu\3-cu.csproj", "{9E29A640-D13B-43F7-AFE6-0BABF0F623B7}"
EndProject
Project("{FAE04EC0-301F-11D3-BF4B-00C04F79EFBC}") = "5", "5\5.csproj", "{F7BC4804-6F1D-46FD-A830-A73B006E6787}"
EndProject
Project("{FAE04EC0-301F-11D3-BF4B-00C04F79EFBC}") = "6", "6\6.csproj", "{93BDBD70-03D0-4177-8179-CF0EDEFA44C6}"
EndProject
Project("{FAE04EC0-301F-11D3-BF4B-00C04F79EFBC}") = "7", "7\7.csproj", "{4E73A100-AF71-4C3E-8A10-C03CD9510E81}"
EndProject
Project("{FAE04EC0-301F-11D3-BF4B-00C04F79EFBC}") = "8", "8\8.csproj", "{D8C5CB4D-BF75-45FA-B3C3-02CE6065A01A}"
EndProject
Project("{FAE04EC0-301F-11D3-BF4B-00C04F79EFBC}") = "9", "9\9.csproj", "{4E048387-79E6-44CD-A052-53831B800DB4}"
EndProject
Project("{FAE04EC0-301F-11D3-BF4B-00C04F79EFBC}") = "10", "10\10.csproj", "{44720DED-D084-4038-9131-6BE2757A3153}"
EndProject
Project("{FAE04EC0-301F-11D3-BF4B-00C04F79EFBC}") = "11", "11\11.csproj", "{24D4E40A-01D6-4402-8AE1-3A0D1E37364F}"
EndProject
Project("{FAE04EC0-301F-11D3-BF4B-00C04F79EFBC}") = "12", "12\12.csproj", "{939076AE-5195-4D1F-AE9A-94118C1C56A2}"
EndProject
Project("{FAE04EC0-301F-11D3-BF4B-00C04F79EFBC}") = "13", "13\13.csproj", "{B1A38301-DCCE-411E-97C8-01246F2B410B}"
EndProject
Project("{FAE04EC0-301F-11D3-BF4B-00C04F79EFBC}") = "14", "14\14.csproj", "{5BCCB17A-35CD-49E7-B2A2-E5BA9FA77843}"
EndProject
Project("{FAE04EC0-301F-11D3-BF4B-00C04F79EFBC}") = "15", "15\15.csproj", "{07178894-AC1A-41E7-8C86-C52A875E850A}"
EndProject
Project("{FAE04EC0-301F-11D3-BF4B-00C04F79EFBC}") = "16", "16\16.csproj", "{38E18015-510A-44EB-BE61-B6D4BE098C80}"
EndProject
Global
	GlobalSection(SolutionConfigurationPlatforms) = preSolution
		Debug|Any CPU = Debug|Any CPU
		Release|Any CPU = Release|Any CPU
	EndGlobalSection
	GlobalSection(ProjectConfigurationPlatforms) = postSolution
		{88E40AEB-36AD-4623-9EC8-9571B0DD2249}.Debug|Any CPU.ActiveCfg = Debug|Any CPU
		{88E40AEB-36AD-4623-9EC8-9571B0DD2249}.Debug|Any CPU.Build.0 = Debug|Any CPU
		{88E40AEB-36AD-4623-9EC8-9571B0DD2249}.Release|Any CPU.ActiveCfg = Release|Any CPU
		{88E40AEB-36AD-4623-9EC8-9571B0DD2249}.Release|Any CPU.Build.0 = Release|Any CPU
		{D753948A-197C-421C-A19C-C9E8A3971D81}.Debug|Any CPU.ActiveCfg = Debug|Any CPU
		{D753948A-197C-421C-A19C-C9E8A3971D81}.Debug|Any CPU.Build.0 = Debug|Any CPU
		{D753948A-197C-421C-A19C-C9E8A3971D81}.Release|Any CPU.ActiveCfg = Release|Any CPU
		{D753948A-197C-421C-A19C-C9E8A3971D81}.Release|Any CPU.Build.0 = Release|Any CPU
		{5CF75307-488A-491D-9FCE-5699734B37CF}.Debug|Any CPU.ActiveCfg = Debug|Any CPU
		{5CF75307-488A-491D-9FCE-5699734B37CF}.Debug|Any CPU.Build.0 = Debug|Any CPU
		{5CF75307-488A-491D-9FCE-5699734B37CF}.Release|Any CPU.ActiveCfg = Release|Any CPU
		{5CF75307-488A-491D-9FCE-5699734B37CF}.Release|Any CPU.Build.0 = Release|Any CPU
		{9E29A640-D13B-43F7-AFE6-0BABF0F623B7}.Debug|Any CPU.ActiveCfg = Debug|Any CPU
		{9E29A640-D13B-43F7-AFE6-0BABF0F623B7}.Debug|Any CPU.Build.0 = Debug|Any CPU
		{9E29A640-D13B-43F7-AFE6-0BABF0F623B7}.Release|Any CPU.ActiveCfg = Release|Any CPU
		{9E29A640-D13B-43F7-AFE6-0BABF0F623B7}.Release|Any CPU.Build.0 = Release|Any CPU
		{F7BC4804-6F1D-46FD-A830-A73B006E6787}.Debug|Any CPU.ActiveCfg = Debug|Any CPU
		{F7BC4804-6F1D-46FD-A830-A73B006E6787}.Debug|Any CPU.Build.0 = Debug|Any CPU
		{F7BC4804-6F1D-46FD-A830-A73B006E6787}.Release|Any CPU.ActiveCfg = Release|Any CPU
		{F7BC4804-6F1D-46FD-A830-A73B006E6787}.Release|Any CPU.Build.0 = Release|Any CPU
		{93BDBD70-03D0-4177-8179-CF0EDEFA44C6}.Debug|Any CPU.ActiveCfg = Debug|Any CPU
		{93BDBD70-03D0-4177-8179-CF0EDEFA44C6}.Debug|Any CPU.Build.0 = Debug|Any CPU
		{93BDBD70-03D0-4177-8179-CF0EDEFA44C6}.Release|Any CPU.ActiveCfg = Release|Any CPU
		{93BDBD70-03D0-4177-8179-CF0EDEFA44C6}.Release|Any CPU.Build.0 = Release|Any CPU
		{4E73A100-AF71-4C3E-8A10-C03CD9510E81}.Debug|Any CPU.ActiveCfg = Debug|Any CPU
		{4E73A100-AF71-4C3E-8A10-C03CD9510E81}.Debug|Any CPU.Build.0 = Debug|Any CPU
		{4E73A100-AF71-4C3E-8A10-C03CD9510E81}.Release|Any CPU.ActiveCfg = Release|Any CPU
		{4E73A100-AF71-4C3E-8A10-C03CD9510E81}.Release|Any CPU.Build.0 = Release|Any CPU
		{D8C5CB4D-BF75-45FA-B3C3-02CE6065A01A}.Debug|Any CPU.ActiveCfg = Debug|Any CPU
		{D8C5CB4D-BF75-45FA-B3C3-02CE6065A01A}.Debug|Any CPU.Build.0 = Debug|Any CPU
		{D8C5CB4D-BF75-45FA-B3C3-02CE6065A01A}.Release|Any CPU.ActiveCfg = Release|Any CPU
		{D8C5CB4D-BF75-45FA-B3C3-02CE6065A01A}.Release|Any CPU.Build.0 = Release|Any CPU
		{4E048387-79E6-44CD-A052-53831B800DB4}.Debug|Any CPU.ActiveCfg = Debug|Any CPU
		{4E048387-79E6-44CD-A052-53831B800DB4}.Debug|Any CPU.Build.0 = Debug|Any CPU
		{4E048387-79E6-44CD-A052-53831B800DB4}.Release|Any CPU.ActiveCfg = Release|Any CPU
		{4E048387-79E6-44CD-A052-53831B800DB4}.Release|Any CPU.Build.0 = Release|Any CPU
		{44720DED-D084-4038-9131-6BE2757A3153}.Debug|Any CPU.ActiveCfg = Debug|Any CPU
		{44720DED-D084-4038-9131-6BE2757A3153}.Debug|Any CPU.Build.0 = Debug|Any CPU
		{44720DED-D084-4038-9131-6BE2757A3153}.Release|Any CPU.ActiveCfg = Release|Any CPU
		{44720DED-D084-4038-9131-6BE2757A3153}.Release|Any CPU.Build.0 = Release|Any CPU
		{24D4E40A-01D6-4402-8AE1-3A0D1E37364F}.Debug|Any CPU.ActiveCfg = Debug|Any CPU
		{24D4E40A-01D6-4402-8AE1-3A0D1E37364F}.Debug|Any CPU.Build.0 = Debug|Any CPU
		{24D4E40A-01D6-4402-8AE1-3A0D1E37364F}.Release|Any CPU.ActiveCfg = Release|Any CPU
		{24D4E40A-01D6-4402-8AE1-3A0D1E37364F}.Release|Any CPU.Build.0 = Release|Any CPU
		{939076AE-5195-4D1F-AE9A-94118C1C56A2}.Debug|Any CPU.ActiveCfg = Debug|Any CPU
		{939076AE-5195-4D1F-AE9A-94118C1C56A2}.Debug|Any CPU.Build.0 = Debug|Any CPU
		{939076AE-5195-4D1F-AE9A-94118C1C56A2}.Release|Any CPU.ActiveCfg = Release|Any CPU
		{939076AE-5195-4D1F-AE9A-94118C1C56A2}.Release|Any CPU.Build.0 = Release|Any CPU
		{B1A38301-DCCE-411E-97C8-01246F2B410B}.Debug|Any CPU.ActiveCfg = Debug|Any CPU
		{B1A38301-DCCE-411E-97C8-01246F2B410B}.Debug|Any CPU.Build.0 = Debug|Any CPU
		{B1A38301-DCCE-411E-97C8-01246F2B410B}.Release|Any CPU.ActiveCfg = Release|Any CPU
		{B1A38301-DCCE-411E-97C8-01246F2B410B}.Release|Any CPU.Build.0 = Release|Any CPU
		{5BCCB17A-35CD-49E7-B2A2-E5BA9FA77843}.Debug|Any CPU.ActiveCfg = Debug|Any CPU
		{5BCCB17A-35CD-49E7-B2A2-E5BA9FA77843}.Debug|Any CPU.Build.0 = Debug|Any CPU
		{5BCCB17A-35CD-49E7-B2A2-E5BA9FA77843}.Release|Any CPU.ActiveCfg = Release|Any CPU
		{5BCCB17A-35CD-49E7-B2A2-E5BA9FA77843}.Release|Any CPU.Build.0 = Release|Any CPU
		{07178894-AC1A-41E7-8C86-C52A875E850A}.Debug|Any CPU.ActiveCfg = Debug|Any CPU
		{07178894-AC1A-41E7-8C86-C52A875E850A}.Debug|Any CPU.Build.0 = Debug|Any CPU
		{07178894-AC1A-41E7-8C86-C52A875E850A}.Release|Any CPU.ActiveCfg = Release|Any CPU
		{07178894-AC1A-41E7-8C86-C52A875E850A}.Release|Any CPU.Build.0 = Release|Any CPU
		{38E18015-510A-44EB-BE61-B6D4BE098C80}.Debug|Any CPU.ActiveCfg = Debug|Any CPU
		{38E18015-510A-44EB-BE61-B6D4BE098C80}.Debug|Any CPU.Build.0 = Debug|Any CPU
		{38E18015-510A-44EB-BE61-B6D4BE098C80}.Release|Any CPU.ActiveCfg = Release|Any CPU
		{38E18015-510A-44EB-BE61-B6D4BE098C80}.Release|Any CPU.Build.0 = Release|Any CPU
	EndGlobalSection
	GlobalSection(SolutionProperties) = preSolution
		HideSolutionNode = FALSE
	EndGlobalSection
	GlobalSection(ExtensibilityGlobals) = postSolution
		SolutionGuid = {7A167D06-D9BF-465E-B9C3-59577E788158}
	EndGlobalSection
EndGlobal
